
Microsoft Visual Studio Solution File, Format Version 12.00
# Visual Studio 15
VisualStudioVersion = 15.0.28010.2016
MinimumVisualStudioVersion = 10.0.40219.1
Project("{FAE04EC0-301F-11D3-BF4B-00C04F79EFBC}") = "Banktresor", "Tresor\Banktresor.csproj", "{BE435472-D8E0-40CC-B180-E881E56C81C1}"
EndProject
Global
	GlobalSection(SolutionConfigurationPlatforms) = preSolution
		Debug|Any CPU = Debug|Any CPU
		Release|Any CPU = Release|Any CPU
	EndGlobalSection
	GlobalSection(ProjectConfigurationPlatforms) = postSolution
		{BE435472-D8E0-40CC-B180-E881E56C81C1}.Debug|Any CPU.ActiveCfg = Debug|Any CPU
		{BE435472-D8E0-40CC-B180-E881E56C81C1}.Debug|Any CPU.Build.0 = Debug|Any CPU
		{BE435472-D8E0-40CC-B180-E881E56C81C1}.Release|Any CPU.ActiveCfg = Release|Any CPU
		{BE435472-D8E0-40CC-B180-E881E56C81C1}.Release|Any CPU.Build.0 = Release|Any CPU
	EndGlobalSection
	GlobalSection(SolutionProperties) = preSolution
		HideSolutionNode = FALSE
	EndGlobalSection
	GlobalSection(ExtensibilityGlobals) = postSolution
		SolutionGuid = {1302A7FC-3533-4CC2-B5C4-75297594B781}
	EndGlobalSection
EndGlobal
